
Microsoft Visual Studio Solution File, Format Version 12.00
# Visual Studio Version 16
VisualStudioVersion = 16.0.32630.194
MinimumVisualStudioVersion = 10.0.40219.1
Project("{FAE04EC0-301F-11D3-BF4B-00C04F79EFBC}") = "SumaNachoOperaa", "SumaNachoOperaa.csproj", "{EBD47E4B-F1F8-47E3-9C35-9EB4AAC74CF3}"
EndProject
Global
	GlobalSection(SolutionConfigurationPlatforms) = preSolution
		Debug|Any CPU = Debug|Any CPU
		Release|Any CPU = Release|Any CPU
	EndGlobalSection
	GlobalSection(ProjectConfigurationPlatforms) = postSolution
		{EBD47E4B-F1F8-47E3-9C35-9EB4AAC74CF3}.Debug|Any CPU.ActiveCfg = Debug|Any CPU
		{EBD47E4B-F1F8-47E3-9C35-9EB4AAC74CF3}.Debug|Any CPU.Build.0 = Debug|Any CPU
		{EBD47E4B-F1F8-47E3-9C35-9EB4AAC74CF3}.Release|Any CPU.ActiveCfg = Release|Any CPU
		{EBD47E4B-F1F8-47E3-9C35-9EB4AAC74CF3}.Release|Any CPU.Build.0 = Release|Any CPU
	EndGlobalSection
	GlobalSection(SolutionProperties) = preSolution
		HideSolutionNode = FALSE
	EndGlobalSection
	GlobalSection(ExtensibilityGlobals) = postSolution
		SolutionGuid = {9158E5E0-93A9-422F-BDAC-781978BC3B3C}
	EndGlobalSection
EndGlobal
